
Microsoft Visual Studio Solution File, Format Version 12.00
# Visual Studio 15
VisualStudioVersion = 15.0.28307.1022
MinimumVisualStudioVersion = 10.0.40219.1
Project("{FAE04EC0-301F-11D3-BF4B-00C04F79EFBC}") = "Kemel.WEB", "Kemel.WEB\Kemel.WEB.csproj", "{CE4B94E0-E2D1-428A-9CC2-C15DE1C28BD5}"
	ProjectSection(ProjectDependencies) = postProject
		{A2F0FD69-3C49-4AB0-9950-8C2586C5203F} = {A2F0FD69-3C49-4AB0-9950-8C2586C5203F}
		{0D9F19CE-589D-4145-9A4C-BEAB7B4DB161} = {0D9F19CE-589D-4145-9A4C-BEAB7B4DB161}
		{08AFDDCF-6D08-4364-9039-ACF92E3BBB69} = {08AFDDCF-6D08-4364-9039-ACF92E3BBB69}
	EndProjectSection
EndProject
Project("{FAE04EC0-301F-11D3-BF4B-00C04F79EFBC}") = "Kemel.BLL", "Kemel.BLL\Kemel.BLL.csproj", "{0D9F19CE-589D-4145-9A4C-BEAB7B4DB161}"
EndProject
Project("{FAE04EC0-301F-11D3-BF4B-00C04F79EFBC}") = "Kemel.DAL", "Kemel.DAL\Kemel.DAL.csproj", "{08AFDDCF-6D08-4364-9039-ACF92E3BBB69}"
EndProject
Project("{FAE04EC0-301F-11D3-BF4B-00C04F79EFBC}") = "Kemel.Common", "Kemel.Common\Kemel.Common.csproj", "{A2F0FD69-3C49-4AB0-9950-8C2586C5203F}"
EndProject
Project("{FAE04EC0-301F-11D3-BF4B-00C04F79EFBC}") = "BLL.UnitTests", "BLL.UnitTests\BLL.UnitTests.csproj", "{A9A0F0CA-F2AF-4DDC-A142-0281F8131CCA}"
EndProject
Global
	GlobalSection(SolutionConfigurationPlatforms) = preSolution
		Debug|Any CPU = Debug|Any CPU
		Release|Any CPU = Release|Any CPU
	EndGlobalSection
	GlobalSection(ProjectConfigurationPlatforms) = postSolution
		{CE4B94E0-E2D1-428A-9CC2-C15DE1C28BD5}.Debug|Any CPU.ActiveCfg = Debug|Any CPU
		{CE4B94E0-E2D1-428A-9CC2-C15DE1C28BD5}.Debug|Any CPU.Build.0 = Debug|Any CPU
		{CE4B94E0-E2D1-428A-9CC2-C15DE1C28BD5}.Release|Any CPU.ActiveCfg = Release|Any CPU
		{CE4B94E0-E2D1-428A-9CC2-C15DE1C28BD5}.Release|Any CPU.Build.0 = Release|Any CPU
		{0D9F19CE-589D-4145-9A4C-BEAB7B4DB161}.Debug|Any CPU.ActiveCfg = Debug|Any CPU
		{0D9F19CE-589D-4145-9A4C-BEAB7B4DB161}.Debug|Any CPU.Build.0 = Debug|Any CPU
		{0D9F19CE-589D-4145-9A4C-BEAB7B4DB161}.Release|Any CPU.ActiveCfg = Release|Any CPU
		{0D9F19CE-589D-4145-9A4C-BEAB7B4DB161}.Release|Any CPU.Build.0 = Release|Any CPU
		{08AFDDCF-6D08-4364-9039-ACF92E3BBB69}.Debug|Any CPU.ActiveCfg = Debug|Any CPU
		{08AFDDCF-6D08-4364-9039-ACF92E3BBB69}.Debug|Any CPU.Build.0 = Debug|Any CPU
		{08AFDDCF-6D08-4364-9039-ACF92E3BBB69}.Release|Any CPU.ActiveCfg = Release|Any CPU
		{08AFDDCF-6D08-4364-9039-ACF92E3BBB69}.Release|Any CPU.Build.0 = Release|Any CPU
		{A2F0FD69-3C49-4AB0-9950-8C2586C5203F}.Debug|Any CPU.ActiveCfg = Debug|Any CPU
		{A2F0FD69-3C49-4AB0-9950-8C2586C5203F}.Debug|Any CPU.Build.0 = Debug|Any CPU
		{A2F0FD69-3C49-4AB0-9950-8C2586C5203F}.Release|Any CPU.ActiveCfg = Release|Any CPU
		{A2F0FD69-3C49-4AB0-9950-8C2586C5203F}.Release|Any CPU.Build.0 = Release|Any CPU
		{A9A0F0CA-F2AF-4DDC-A142-0281F8131CCA}.Debug|Any CPU.ActiveCfg = Debug|Any CPU
		{A9A0F0CA-F2AF-4DDC-A142-0281F8131CCA}.Debug|Any CPU.Build.0 = Debug|Any CPU
		{A9A0F0CA-F2AF-4DDC-A142-0281F8131CCA}.Release|Any CPU.ActiveCfg = Release|Any CPU
		{A9A0F0CA-F2AF-4DDC-A142-0281F8131CCA}.Release|Any CPU.Build.0 = Release|Any CPU
	EndGlobalSection
	GlobalSection(SolutionProperties) = preSolution
		HideSolutionNode = FALSE
	EndGlobalSection
	GlobalSection(ExtensibilityGlobals) = postSolution
		SolutionGuid = {EF5790F1-1229-4A5A-8AAD-B789DE665DFF}
	EndGlobalSection
EndGlobal
